
Microsoft Visual Studio Solution File, Format Version 11.00
# Visual C++ Express 2010
Project("{8BC9CEB8-8B4A-11D0-8D11-00A0C91BC942}") = "MyMario", "MyMario\MyMario.vcxproj", "{7A0DFE95-DDA9-4676-A1BB-BD221CB07682}"
EndProject
Global
	GlobalSection(SolutionConfigurationPlatforms) = preSolution
		Debug|Win32 = Debug|Win32
		Release|Win32 = Release|Win32
	EndGlobalSection
	GlobalSection(ProjectConfigurationPlatforms) = postSolution
		{7A0DFE95-DDA9-4676-A1BB-BD221CB07682}.Debug|Win32.ActiveCfg = Debug|Win32
		{7A0DFE95-DDA9-4676-A1BB-BD221CB07682}.Debug|Win32.Build.0 = Debug|Win32
		{7A0DFE95-DDA9-4676-A1BB-BD221CB07682}.Release|Win32.ActiveCfg = Release|Win32
		{7A0DFE95-DDA9-4676-A1BB-BD221CB07682}.Release|Win32.Build.0 = Release|Win32
	EndGlobalSection
	GlobalSection(SolutionProperties) = preSolution
		HideSolutionNode = FALSE
	EndGlobalSection
EndGlobal
